Microsoft Visual Studio Solution File, Format Version 11.00
# Visual Studio 2010
Project("{FAE04EC0-301F-11D3-BF4B-00C04F79EFBC}") = "SpecifyPageRange", "SpecifyPageRange\SpecifyPageRange.csproj", "{35A55804-47F1-4355-9B7B-B2DDADA0CDDE}"
EndProject
Global
	GlobalSection(SolutionConfigurationPlatforms) = preSolution
		Debug|Any CPU = Debug|Any CPU
		Release|Any CPU = Release|Any CPU
	EndGlobalSection
	GlobalSection(ProjectConfigurationPlatforms) = postSolution
		{35A55804-47F1-4355-9B7B-B2DDADA0CDDE}.Debug|Any CPU.ActiveCfg = Debug|Any CPU
		{35A55804-47F1-4355-9B7B-B2DDADA0CDDE}.Debug|Any CPU.Build.0 = Debug|Any CPU
		{35A55804-47F1-4355-9B7B-B2DDADA0CDDE}.Release|Any CPU.ActiveCfg = Release|Any CPU
		{35A55804-47F1-4355-9B7B-B2DDADA0CDDE}.Release|Any CPU.Build.0 = Release|Any CPU
	EndGlobalSection
	GlobalSection(SolutionProperties) = preSolution
		HideSolutionNode = FALSE
	EndGlobalSection
EndGlobal
